
Microsoft Visual Studio Solution File, Format Version 12.00
# Visual Studio 15
VisualStudioVersion = 15.0.28010.2050
MinimumVisualStudioVersion = 10.0.40219.1
Project("{8BC9CEB8-8B4A-11D0-8D11-00A0C91BC942}") = "regsvr42", "regsvr42.vcxproj", "{D368AEF6-DF61-453C-AC9E-24D4E3BEE216}"
	ProjectSection(ProjectDependencies) = postProject
		{9AF4E83D-3670-44C8-84B9-54FFD4AFFF21} = {9AF4E83D-3670-44C8-84B9-54FFD4AFFF21}
	EndProjectSection
EndProject
Project("{8BC9CEB8-8B4A-11D0-8D11-00A0C91BC942}") = "libmhook", "libmhook\libmhook.vcxproj", "{9AF4E83D-3670-44C8-84B9-54FFD4AFFF21}"
EndProject
Global
	GlobalSection(SolutionConfigurationPlatforms) = preSolution
		Debug|x64 = Debug|x64
		Debug|x86 = Debug|x86
		Release|x64 = Release|x64
		Release|x86 = Release|x86
	EndGlobalSection
	GlobalSection(ProjectConfigurationPlatforms) = postSolution
		{D368AEF6-DF61-453C-AC9E-24D4E3BEE216}.Debug|x64.ActiveCfg = Debug|x64
		{D368AEF6-DF61-453C-AC9E-24D4E3BEE216}.Debug|x64.Build.0 = Debug|x64
		{D368AEF6-DF61-453C-AC9E-24D4E3BEE216}.Debug|x86.ActiveCfg = Debug|Win32
		{D368AEF6-DF61-453C-AC9E-24D4E3BEE216}.Debug|x86.Build.0 = Debug|Win32
		{D368AEF6-DF61-453C-AC9E-24D4E3BEE216}.Release|x64.ActiveCfg = Release|x64
		{D368AEF6-DF61-453C-AC9E-24D4E3BEE216}.Release|x64.Build.0 = Release|x64
		{D368AEF6-DF61-453C-AC9E-24D4E3BEE216}.Release|x86.ActiveCfg = Release|Win32
		{D368AEF6-DF61-453C-AC9E-24D4E3BEE216}.Release|x86.Build.0 = Release|Win32
		{9AF4E83D-3670-44C8-84B9-54FFD4AFFF21}.Debug|x64.ActiveCfg = Debug|x64
		{9AF4E83D-3670-44C8-84B9-54FFD4AFFF21}.Debug|x64.Build.0 = Debug|x64
		{9AF4E83D-3670-44C8-84B9-54FFD4AFFF21}.Debug|x86.ActiveCfg = Debug|Win32
		{9AF4E83D-3670-44C8-84B9-54FFD4AFFF21}.Debug|x86.Build.0 = Debug|Win32
		{9AF4E83D-3670-44C8-84B9-54FFD4AFFF21}.Release|x64.ActiveCfg = Release|x64
		{9AF4E83D-3670-44C8-84B9-54FFD4AFFF21}.Release|x64.Build.0 = Release|x64
		{9AF4E83D-3670-44C8-84B9-54FFD4AFFF21}.Release|x86.ActiveCfg = Release|Win32
		{9AF4E83D-3670-44C8-84B9-54FFD4AFFF21}.Release|x86.Build.0 = Release|Win32
	EndGlobalSection
	GlobalSection(SolutionProperties) = preSolution
		HideSolutionNode = FALSE
	EndGlobalSection
	GlobalSection(ExtensibilityGlobals) = postSolution
		SolutionGuid = {C8F97AC6-CBC5-414A-AEC8-5F4FA67AA33A}
	EndGlobalSection
EndGlobal
